
Microsoft Visual Studio Solution File, Format Version 12.00
# Visual Studio 2012
Project("{FAE04EC0-301F-11D3-BF4B-00C04F79EFBC}") = "GSBgo", "GSBgo\GSBgo.csproj", "{48C3C5B1-5B82-4702-A19C-64214EF47F3A}"
EndProject
Project("{FAE04EC0-301F-11D3-BF4B-00C04F79EFBC}") = "GSBgo.iOS", "iOS\GSBgo.iOS.csproj", "{718C1F8C-B5DC-4B12-8587-6355988DA407}"
EndProject
Project("{FAE04EC0-301F-11D3-BF4B-00C04F79EFBC}") = "GSBgo.Droid", "Droid\GSBgo.Droid.csproj", "{583842EC-4CCB-4735-AE79-45EBD89CD69B}"
EndProject
Global
	GlobalSection(SolutionConfigurationPlatforms) = preSolution
		Debug|Any CPU = Debug|Any CPU
		Release|Any CPU = Release|Any CPU
		Debug|iPhoneSimulator = Debug|iPhoneSimulator
		Release|iPhone = Release|iPhone
		Release|iPhoneSimulator = Release|iPhoneSimulator
		Debug|iPhone = Debug|iPhone
	EndGlobalSection
	GlobalSection(ProjectConfigurationPlatforms) = postSolution
		{48C3C5B1-5B82-4702-A19C-64214EF47F3A}.Debug|Any CPU.ActiveCfg = Debug|Any CPU
		{48C3C5B1-5B82-4702-A19C-64214EF47F3A}.Debug|Any CPU.Build.0 = Debug|Any CPU
		{48C3C5B1-5B82-4702-A19C-64214EF47F3A}.Release|Any CPU.ActiveCfg = Release|Any CPU
		{48C3C5B1-5B82-4702-A19C-64214EF47F3A}.Release|Any CPU.Build.0 = Release|Any CPU
		{48C3C5B1-5B82-4702-A19C-64214EF47F3A}.Debug|iPhoneSimulator.ActiveCfg = Debug|Any CPU
		{48C3C5B1-5B82-4702-A19C-64214EF47F3A}.Debug|iPhoneSimulator.Build.0 = Debug|Any CPU
		{48C3C5B1-5B82-4702-A19C-64214EF47F3A}.Release|iPhone.ActiveCfg = Release|Any CPU
		{48C3C5B1-5B82-4702-A19C-64214EF47F3A}.Release|iPhone.Build.0 = Release|Any CPU
		{48C3C5B1-5B82-4702-A19C-64214EF47F3A}.Release|iPhoneSimulator.ActiveCfg = Release|Any CPU
		{48C3C5B1-5B82-4702-A19C-64214EF47F3A}.Release|iPhoneSimulator.Build.0 = Release|Any CPU
		{48C3C5B1-5B82-4702-A19C-64214EF47F3A}.Debug|iPhone.ActiveCfg = Debug|Any CPU
		{48C3C5B1-5B82-4702-A19C-64214EF47F3A}.Debug|iPhone.Build.0 = Debug|Any CPU
		{718C1F8C-B5DC-4B12-8587-6355988DA407}.Debug|Any CPU.ActiveCfg = Debug|iPhoneSimulator
		{718C1F8C-B5DC-4B12-8587-6355988DA407}.Debug|Any CPU.Build.0 = Debug|iPhoneSimulator
		{718C1F8C-B5DC-4B12-8587-6355988DA407}.Release|Any CPU.ActiveCfg = Release|iPhone
		{718C1F8C-B5DC-4B12-8587-6355988DA407}.Release|Any CPU.Build.0 = Release|iPhone
		{718C1F8C-B5DC-4B12-8587-6355988DA407}.Debug|iPhoneSimulator.ActiveCfg = Debug|iPhoneSimulator
		{718C1F8C-B5DC-4B12-8587-6355988DA407}.Debug|iPhoneSimulator.Build.0 = Debug|iPhoneSimulator
		{718C1F8C-B5DC-4B12-8587-6355988DA407}.Release|iPhone.ActiveCfg = Release|iPhone
		{718C1F8C-B5DC-4B12-8587-6355988DA407}.Release|iPhone.Build.0 = Release|iPhone
		{718C1F8C-B5DC-4B12-8587-6355988DA407}.Release|iPhoneSimulator.ActiveCfg = Release|iPhoneSimulator
		{718C1F8C-B5DC-4B12-8587-6355988DA407}.Release|iPhoneSimulator.Build.0 = Release|iPhoneSimulator
		{718C1F8C-B5DC-4B12-8587-6355988DA407}.Debug|iPhone.ActiveCfg = Debug|iPhone
		{718C1F8C-B5DC-4B12-8587-6355988DA407}.Debug|iPhone.Build.0 = Debug|iPhone
		{583842EC-4CCB-4735-AE79-45EBD89CD69B}.Debug|Any CPU.ActiveCfg = Debug|Any CPU
		{583842EC-4CCB-4735-AE79-45EBD89CD69B}.Debug|Any CPU.Build.0 = Debug|Any CPU
		{583842EC-4CCB-4735-AE79-45EBD89CD69B}.Release|Any CPU.ActiveCfg = Release|Any CPU
		{583842EC-4CCB-4735-AE79-45EBD89CD69B}.Release|Any CPU.Build.0 = Release|Any CPU
		{583842EC-4CCB-4735-AE79-45EBD89CD69B}.Debug|iPhoneSimulator.ActiveCfg = Debug|Any CPU
		{583842EC-4CCB-4735-AE79-45EBD89CD69B}.Debug|iPhoneSimulator.Build.0 = Debug|Any CPU
		{583842EC-4CCB-4735-AE79-45EBD89CD69B}.Release|iPhone.ActiveCfg = Release|Any CPU
		{583842EC-4CCB-4735-AE79-45EBD89CD69B}.Release|iPhone.Build.0 = Release|Any CPU
		{583842EC-4CCB-4735-AE79-45EBD89CD69B}.Release|iPhoneSimulator.ActiveCfg = Release|Any CPU
		{583842EC-4CCB-4735-AE79-45EBD89CD69B}.Release|iPhoneSimulator.Build.0 = Release|Any CPU
		{583842EC-4CCB-4735-AE79-45EBD89CD69B}.Debug|iPhone.ActiveCfg = Debug|Any CPU
		{583842EC-4CCB-4735-AE79-45EBD89CD69B}.Debug|iPhone.Build.0 = Debug|Any CPU
	EndGlobalSection
EndGlobal
